{
  "name": "eoreader-chat",
  "version": "2.0.0",
  "lockfileVersion": 3,
  "requires": true,
  "packages": {
    "": {
      "name": "eoreader-chat",
      "version": "2.0.0",
      "license": "MIT",
      "dependencies": {
        "@eoreader/engine": "file:../eoreader5/packages/engine",
        "@eoreader/host": "file:../eoreader5/packages/host",
        "@eoreader/spec": "file:../eoreader5/packages/spec"
      }
    },
    "../eoreader5/packages/engine": {
      "name": "@eoreader/engine",
      "version": "0.1.0",
      "dependencies": {
        "@eoreader/spec": "*"
      }
    },
    "../eoreader5/packages/host": {
      "name": "@eoreader/host",
      "version": "0.1.0",
      "dependencies": {
        "@eoreader/engine": "*",
        "@eoreader/spec": "*"
      }
    },
    "../eoreader5/packages/spec": {
      "name": "@eoreader/spec",
      "version": "0.1.0"
    },
    "node_modules/@eoreader/engine": {
      "resolved": "../eoreader5/packages/engine",
      "link": true
    },
    "node_modules/@eoreader/host": {
      "resolved": "../eoreader5/packages/host",
      "link": true
    },
    "node_modules/@eoreader/spec": {
      "resolved": "../eoreader5/packages/spec",
      "link": true
    }
  }
}
